
Microsoft Visual Studio Solution File, Format Version 12.00
# Visual Studio Version 17
VisualStudioVersion = 17.9.34723.18
MinimumVisualStudioVersion = 10.0.40219.1
Project("{911E67C6-3D85-4FCE-B560-20A9C3E3FF48}") = "Burito", "Burito.exe", "{D61A807E-A580-4E2F-B0D8-D1B5C6C82529}"
	ProjectSection(DebuggerProjectSystem) = preProject
		PortSupplier = 00000000-0000-0000-0000-000000000000
		Executable = C:\Users\user\Desktop\Burito\Burito\x64\Debug\Burito.exe
		RemoteMachine = DESKTOP-6H08NLR
		StartingDirectory = C:\Users\user\Desktop\Burito\Burito\x64\Debug
		Environment = 기본값
		LaunchingEngine = 00000000-0000-0000-0000-000000000000
		UseLegacyDebugEngines = No
		LaunchSQLEngine = No
		AttachLaunchAction = No
		IORedirection = Auto
	EndProjectSection
EndProject
Global
	GlobalSection(SolutionConfigurationPlatforms) = preSolution
		Release|x64 = Release|x64
	EndGlobalSection
	GlobalSection(ProjectConfigurationPlatforms) = postSolution
		{D61A807E-A580-4E2F-B0D8-D1B5C6C82529}.Release|x64.ActiveCfg = Release|x64
	EndGlobalSection
	GlobalSection(SolutionProperties) = preSolution
		HideSolutionNode = FALSE
	EndGlobalSection
	GlobalSection(ExtensibilityGlobals) = postSolution
		SolutionGuid = {51BE5918-FC06-4BF7-9D6D-56CDDB4FF6CF}
	EndGlobalSection
EndGlobal
